{
  "version": 4,
  "terraform_version": "1.2.1",
  "serial": 8,
  "lineage": "a13dd4d4-a146-082c-a668-2befd77bf47f",
  "outputs": {
    "password": {
      "value": "?Vg@au0z7",
      "type": "string"
    }
  },
  "resources": [
    {
      "mode": "managed",
      "type": "random_password",
      "name": "password-gen",
      "provider": "provider[\"registry.terraform.io/hashicorp/random\"]",
      "instances": [
        {
          "schema_version": 2,
          "attributes": {
            "bcrypt_hash": "$2a$10$Daqexs8mw/y.AvU6WrgFq.G67D5FvLeJGPktB4r7pGbWWKGMRs7Gy",
            "id": "none",
            "keepers": null,
            "length": 9,
            "lower": true,
            "min_lower": 0,
            "min_numeric": 0,
            "min_special": 0,
            "min_upper": 0,
            "number": true,
            "numeric": true,
            "override_special": null,
            "result": "?Vg@au0z7",
            "special": true,
            "upper": true
          },
          "sensitive_attributes": [],
          "private": "eyJzY2hlbWFfdmVyc2lvbiI6IjIifQ=="
        }
      ]
    }
  ]
}
