{
  "version": 4,
  "terraform_version": "1.2.1",
  "serial": 4,
  "lineage": "70e5bae4-1a03-84e3-501e-f7362e8181e4",
  "outputs": {},
  "resources": [
    {
      "mode": "managed",
      "type": "local_file",
      "name": "my",
      "provider": "provider[\"registry.terraform.io/hashicorp/local\"]",
      "instances": [
        {
          "index_key": 0,
          "schema_version": 0,
          "attributes": {
            "content": "danish",
            "content_base64": null,
            "directory_permission": "0777",
            "file_permission": "0777",
            "filename": "0+1",
            "id": "f296d865b5bc6d1ef3a2952e83390bc78439ac1f",
            "sensitive_content": null,
            "source": null
          },
          "sensitive_attributes": [],
          "private": "bnVsbA=="
        },
        {
          "index_key": 1,
          "schema_version": 0,
          "attributes": {
            "content": "danish",
            "content_base64": null,
            "directory_permission": "0777",
            "file_permission": "0777",
            "filename": "1+1",
            "id": "f296d865b5bc6d1ef3a2952e83390bc78439ac1f",
            "sensitive_content": null,
            "source": null
          },
          "sensitive_attributes": [],
          "private": "bnVsbA=="
        },
        {
          "index_key": 2,
          "schema_version": 0,
          "attributes": {
            "content": "danish",
            "content_base64": null,
            "directory_permission": "0777",
            "file_permission": "0777",
            "filename": "2+1",
            "id": "f296d865b5bc6d1ef3a2952e83390bc78439ac1f",
            "sensitive_content": null,
            "source": null
          },
          "sensitive_attributes": [],
          "private": "bnVsbA=="
        }
      ]
    }
  ]
}
