{
  "version": 4,
  "terraform_version": "1.2.1",
  "serial": 65,
  "lineage": "742ba630-e3ef-7caf-76f7-83f1c8f1aac6",
  "outputs": {
    "access_key": {
      "value": "AKIA5INAVIWKKEJPYHCT",
      "type": "string"
    },
    "ami_id": {
      "value": "ami-0e8597a872ec674ee",
      "type": "string"
    },
    "aws_s3": {
      "value": "terraform-20220605100245161600000001",
      "type": "string"
    },
    "az": {
      "value": [
        "us-east-2a",
        "us-east-2b",
        "us-east-2c"
      ],
      "type": [
        "list",
        "string"
      ]
    },
    "default_vpc_id": {
      "value": "vpc-02d8afd167057a75b",
      "type": "string"
    },
    "secret_key": {
      "value": "3wkxN3lzQORAtCTd5F6LDtCbPF6DHTTaJBxhgv0m",
      "type": "string",
      "sensitive": true
    }
  },
  "resources": [
    {
      "mode": "data",
      "type": "aws_ami",
      "name": "server_ami",
      "provider": "provider[\"registry.terraform.io/hashicorp/aws\"]",
      "instances": [
        {
          "schema_version": 0,
          "attributes": {
            "architecture": "x86_64",
            "arn": "arn:aws:ec2:us-east-2::image/ami-0e8597a872ec674ee",
            "block_device_mappings": [
              {
                "device_name": "/dev/sda1",
                "ebs": {
                  "delete_on_termination": "true",
                  "encrypted": "false",
                  "iops": "0",
                  "snapshot_id": "snap-08fc30879ac6d5452",
                  "throughput": "0",
                  "volume_size": "8",
                  "volume_type": "gp2"
                },
                "no_device": "",
                "virtual_name": ""
              },
              {
                "device_name": "/dev/sdb",
                "ebs": {},
                "no_device": "",
                "virtual_name": "ephemeral0"
              },
              {
                "device_name": "/dev/sdc",
                "ebs": {},
                "no_device": "",
                "virtual_name": "ephemeral1"
              }
            ],
            "boot_mode": "",
            "creation_date": "2022-05-27T00:59:07.000Z",
            "deprecation_time": "2024-05-27T00:59:07.000Z",
            "description": "Canonical, Ubuntu, 18.04 LTS, amd64 bionic image build on 2022-05-26",
            "ena_support": true,
            "executable_users": null,
            "filter": [
              {
                "name": "name",
                "values": [
                  "ubuntu/images/hvm-ssd/ubuntu-bionic-18.04-amd64-server*"
                ]
              }
            ],
            "hypervisor": "xen",
            "id": "ami-0e8597a872ec674ee",
            "image_id": "ami-0e8597a872ec674ee",
            "image_location": "099720109477/ubuntu/images/hvm-ssd/ubuntu-bionic-18.04-amd64-server-20220526",
            "image_owner_alias": "",
            "image_type": "machine",
            "kernel_id": "",
            "most_recent": true,
            "name": "ubuntu/images/hvm-ssd/ubuntu-bionic-18.04-amd64-server-20220526",
            "name_regex": null,
            "owner_id": "099720109477",
            "owners": [
              "099720109477"
            ],
            "platform": "",
            "platform_details": "Linux/UNIX",
            "product_codes": [],
            "public": true,
            "ramdisk_id": "",
            "root_device_name": "/dev/sda1",
            "root_device_type": "ebs",
            "root_snapshot_id": "snap-08fc30879ac6d5452",
            "sriov_net_support": "simple",
            "state": "available",
            "state_reason": {
              "code": "UNSET",
              "message": "UNSET"
            },
            "tags": {},
            "tpm_support": "",
            "usage_operation": "RunInstances",
            "virtualization_type": "hvm"
          },
          "sensitive_attributes": []
        }
      ]
    },
    {
      "mode": "data",
      "type": "aws_availability_zones",
      "name": "available",
      "provider": "provider[\"registry.terraform.io/hashicorp/aws\"]",
      "instances": [
        {
          "schema_version": 0,
          "attributes": {
            "all_availability_zones": null,
            "exclude_names": null,
            "exclude_zone_ids": null,
            "filter": null,
            "group_names": [
              "us-east-2"
            ],
            "id": "us-east-2",
            "names": [
              "us-east-2a",
              "us-east-2b",
              "us-east-2c"
            ],
            "state": "available",
            "zone_ids": [
              "use2-az1",
              "use2-az2",
              "use2-az3"
            ]
          },
          "sensitive_attributes": []
        }
      ]
    },
    {
      "mode": "data",
      "type": "aws_iam_user",
      "name": "admin_group",
      "provider": "provider[\"registry.terraform.io/hashicorp/aws\"]",
      "instances": [
        {
          "schema_version": 0,
          "attributes": {
            "arn": "arn:aws:iam::911406876052:user/Dani2",
            "id": "AIDA5INAVIWKLZSH7OUBY",
            "path": "/",
            "permissions_boundary": "",
            "tags": {
              "Description": "Tech Lead",
              "Role": "Admin"
            },
            "user_id": "AIDA5INAVIWKLZSH7OUBY",
            "user_name": "Dani2"
          },
          "sensitive_attributes": []
        }
      ]
    },
    {
      "mode": "data",
      "type": "aws_vpc",
      "name": "vpc_id",
      "provider": "provider[\"registry.terraform.io/hashicorp/aws\"]",
      "instances": [
        {
          "schema_version": 0,
          "attributes": {
            "arn": "arn:aws:ec2:us-east-2:911406876052:vpc/vpc-02d8afd167057a75b",
            "cidr_block": "172.31.0.0/16",
            "cidr_block_associations": [
              {
                "association_id": "vpc-cidr-assoc-0f5d424c9e10a0d9f",
                "cidr_block": "172.31.0.0/16",
                "state": "associated"
              }
            ],
            "default": true,
            "dhcp_options_id": "dopt-01e6e3baf67682897",
            "enable_dns_hostnames": true,
            "enable_dns_support": true,
            "filter": null,
            "id": "vpc-02d8afd167057a75b",
            "instance_tenancy": "default",
            "ipv6_association_id": "",
            "ipv6_cidr_block": "",
            "main_route_table_id": "rtb-09569231ad102c7b5",
            "owner_id": "911406876052",
            "state": null,
            "tags": {}
          },
          "sensitive_attributes": []
        }
      ]
    },
    {
      "mode": "managed",
      "type": "aws_iam_access_key",
      "name": "lb",
      "provider": "provider[\"registry.terraform.io/hashicorp/aws\"]",
      "instances": [
        {
          "schema_version": 0,
          "attributes": {
            "create_date": "2022-06-04T12:01:07Z",
            "encrypted_secret": null,
            "encrypted_ses_smtp_password_v4": null,
            "id": "AKIA5INAVIWKKEJPYHCT",
            "key_fingerprint": null,
            "pgp_key": null,
            "secret": "3wkxN3lzQORAtCTd5F6LDtCbPF6DHTTaJBxhgv0m",
            "ses_smtp_password_v4": "BHQoHA44r5Rj5+OChjGi+Ps+KAE9WriQlwUsZUAu/8tQ",
            "status": "Active",
            "user": "Dani2"
          },
          "sensitive_attributes": [],
          "private": "bnVsbA==",
          "dependencies": [
            "aws_iam_user.admin"
          ]
        }
      ]
    },
    {
      "mode": "managed",
      "type": "aws_iam_policy",
      "name": "for_admin",
      "provider": "provider[\"registry.terraform.io/hashicorp/aws\"]",
      "instances": [
        {
          "schema_version": 0,
          "attributes": {
            "arn": "arn:aws:iam::911406876052:policy/AdminUser",
            "description": "",
            "id": "arn:aws:iam::911406876052:policy/AdminUser",
            "name": "AdminUser",
            "name_prefix": null,
            "path": "/",
            "policy": "{\"Statement\":[{\"Action\":\"*\",\"Effect\":\"Allow\",\"Resource\":\"*\"}],\"Version\":\"2012-10-17\"}",
            "policy_id": "ANPA5INAVIWKB4NV5H3CT",
            "tags": {},
            "tags_all": {}
          },
          "sensitive_attributes": [],
          "private": "bnVsbA=="
        }
      ]
    },
    {
      "mode": "managed",
      "type": "aws_iam_user",
      "name": "admin",
      "provider": "provider[\"registry.terraform.io/hashicorp/aws\"]",
      "instances": [
        {
          "schema_version": 0,
          "attributes": {
            "arn": "arn:aws:iam::911406876052:user/Dani2",
            "force_destroy": false,
            "id": "Dani2",
            "name": "Dani2",
            "path": "/",
            "permissions_boundary": null,
            "tags": {
              "Description": "Tech Lead",
              "Role": "Admin"
            },
            "tags_all": {
              "Description": "Tech Lead",
              "Role": "Admin"
            },
            "unique_id": "AIDA5INAVIWKLZSH7OUBY"
          },
          "sensitive_attributes": [],
          "private": "bnVsbA=="
        }
      ]
    },
    {
      "mode": "managed",
      "type": "aws_iam_user_policy_attachment",
      "name": "admin_users",
      "provider": "provider[\"registry.terraform.io/hashicorp/aws\"]",
      "instances": [
        {
          "schema_version": 0,
          "attributes": {
            "id": "Dani2-20220604114025292500000001",
            "policy_arn": "arn:aws:iam::911406876052:policy/AdminUser",
            "user": "Dani2"
          },
          "sensitive_attributes": [],
          "private": "bnVsbA==",
          "dependencies": [
            "aws_iam_policy.for_admin",
            "aws_iam_user.admin"
          ]
        }
      ]
    },
    {
      "mode": "managed",
      "type": "aws_s3_bucket",
      "name": "my_s3",
      "provider": "provider[\"registry.terraform.io/hashicorp/aws\"]",
      "instances": [
        {
          "schema_version": 0,
          "attributes": {
            "acceleration_status": "",
            "acl": null,
            "arn": "arn:aws:s3:::dani-finance-2948",
            "bucket": "dani-finance-2948",
            "bucket_domain_name": "dani-finance-2948.s3.amazonaws.com",
            "bucket_prefix": null,
            "bucket_regional_domain_name": "dani-finance-2948.s3.us-east-2.amazonaws.com",
            "cors_rule": [],
            "force_destroy": false,
            "grant": [
              {
                "id": "e57ddcc26020266309f35ce6636ed778b060b0f8fbe155ffaf07b5a06c94c2a6",
                "permissions": [
                  "FULL_CONTROL"
                ],
                "type": "CanonicalUser",
                "uri": ""
              }
            ],
            "hosted_zone_id": "Z2O1EMRO9K5GLX",
            "id": "dani-finance-2948",
            "lifecycle_rule": [],
            "logging": [],
            "object_lock_configuration": [],
            "object_lock_enabled": false,
            "policy": "",
            "region": "us-east-2",
            "replication_configuration": [],
            "request_payer": "BucketOwner",
            "server_side_encryption_configuration": [],
            "tags": {
              "Description": "For Financing Purposes",
              "Env": "Production"
            },
            "tags_all": {
              "Description": "For Financing Purposes",
              "Env": "Production"
            },
            "versioning": [
              {
                "enabled": false,
                "mfa_delete": false
              }
            ],
            "website": [],
            "website_domain": null,
            "website_endpoint": null
          },
          "sensitive_attributes": [],
          "private": "bnVsbA=="
        }
      ]
    },
    {
      "mode": "managed",
      "type": "aws_s3_bucket",
      "name": "random_s3",
      "provider": "provider[\"registry.terraform.io/hashicorp/aws\"]",
      "instances": [
        {
          "schema_version": 0,
          "attributes": {
            "acceleration_status": "",
            "acl": null,
            "arn": "arn:aws:s3:::terraform-20220605100245161600000001",
            "bucket": "terraform-20220605100245161600000001",
            "bucket_domain_name": "terraform-20220605100245161600000001.s3.amazonaws.com",
            "bucket_prefix": null,
            "bucket_regional_domain_name": "terraform-20220605100245161600000001.s3.us-east-2.amazonaws.com",
            "cors_rule": [],
            "force_destroy": false,
            "grant": [
              {
                "id": "e57ddcc26020266309f35ce6636ed778b060b0f8fbe155ffaf07b5a06c94c2a6",
                "permissions": [
                  "FULL_CONTROL"
                ],
                "type": "CanonicalUser",
                "uri": ""
              }
            ],
            "hosted_zone_id": "Z2O1EMRO9K5GLX",
            "id": "terraform-20220605100245161600000001",
            "lifecycle_rule": [],
            "logging": [],
            "object_lock_configuration": [],
            "object_lock_enabled": false,
            "policy": "",
            "region": "us-east-2",
            "replication_configuration": [],
            "request_payer": "BucketOwner",
            "server_side_encryption_configuration": [],
            "tags": {},
            "tags_all": {},
            "versioning": [
              {
                "enabled": false,
                "mfa_delete": false
              }
            ],
            "website": [],
            "website_domain": null,
            "website_endpoint": null
          },
          "sensitive_attributes": [],
          "private": "bnVsbA=="
        }
      ]
    },
    {
      "mode": "managed",
      "type": "aws_s3_bucket_policy",
      "name": "for_admin",
      "provider": "provider[\"registry.terraform.io/hashicorp/aws\"]",
      "instances": [
        {
          "schema_version": 0,
          "attributes": {
            "bucket": "dani-finance-2948",
            "id": "dani-finance-2948",
            "policy": "    {\n        \"Version\": \"2012-10-17\",\n        \"Statement\": [\n            {\n                \"Action\": \"*\",\n                \"Effect\": \"Allow\",\n                \"Resource\": \"arn:aws:s3:::dani-finance-2948/*\",\n                \"Principal\": {\n                    \"AWS\": [\n                        \"arn:aws:iam::911406876052:user/Dani2\"\n                    ]\n                }\n            }\n        ]\n    }\n"
          },
          "sensitive_attributes": [],
          "private": "bnVsbA==",
          "dependencies": [
            "aws_s3_bucket.my_s3",
            "data.aws_iam_user.admin_group"
          ]
        }
      ]
    },
    {
      "mode": "managed",
      "type": "aws_s3_object",
      "name": "for_random_s3",
      "provider": "provider[\"registry.terraform.io/hashicorp/aws\"]",
      "instances": [
        {
          "schema_version": 0,
          "attributes": {
            "acl": "private",
            "bucket": "dani-finance-2948",
            "bucket_key_enabled": false,
            "cache_control": "",
            "content": "{\n      \"Version\": \"2012-10-17\",\n      \"Statement\" : [ \n      {\n        \"Effect\" : \"Allow\",\n        \"Action\" : \"*\",\n        \"Resource\" : \"*\"\n        }\n        ]\n    }",
            "content_base64": null,
            "content_disposition": "",
            "content_encoding": "",
            "content_language": "",
            "content_type": "binary/octet-stream",
            "etag": "de6797ec5d9f7bc1280d9fd4489b9cd5",
            "force_destroy": false,
            "id": "my-doc",
            "key": "my-doc",
            "kms_key_id": null,
            "metadata": {},
            "object_lock_legal_hold_status": "",
            "object_lock_mode": "",
            "object_lock_retain_until_date": "",
            "server_side_encryption": "",
            "source": null,
            "source_hash": null,
            "storage_class": "STANDARD",
            "tags": {},
            "tags_all": {},
            "version_id": "",
            "website_redirect": ""
          },
          "sensitive_attributes": [],
          "private": "bnVsbA==",
          "dependencies": [
            "aws_s3_bucket.my_s3"
          ]
        }
      ]
    },
    {
      "mode": "managed",
      "type": "aws_security_group",
      "name": "sg1",
      "provider": "provider[\"registry.terraform.io/hashicorp/aws\"]",
      "instances": [
        {
          "schema_version": 1,
          "attributes": {
            "arn": "arn:aws:ec2:us-east-2:911406876052:security-group/sg-0b4292611dd775215",
            "description": "AWS SG",
            "egress": [
              {
                "cidr_blocks": [
                  "0.0.0.0/0"
                ],
                "description": "",
                "from_port": 0,
                "ipv6_cidr_blocks": [],
                "prefix_list_ids": [],
                "protocol": "-1",
                "security_groups": [],
                "self": false,
                "to_port": 0
              }
            ],
            "id": "sg-0b4292611dd775215",
            "ingress": [
              {
                "cidr_blocks": [
                  "202.163.113.168/32",
                  "54.225.178.237/32"
                ],
                "description": "",
                "from_port": 0,
                "ipv6_cidr_blocks": [],
                "prefix_list_ids": [],
                "protocol": "-1",
                "security_groups": [],
                "self": false,
                "to_port": 0
              }
            ],
            "name": "sg for prac",
            "name_prefix": "",
            "owner_id": "911406876052",
            "revoke_rules_on_delete": false,
            "tags": {},
            "tags_all": {},
            "timeouts": null,
            "vpc_id": "vpc-02d8afd167057a75b"
          },
          "sensitive_attributes": [],
          "private": "eyJlMmJmYjczMC1lY2FhLTExZTYtOGY4OC0zNDM2M2JjN2M0YzAiOnsiY3JlYXRlIjo2MDAwMDAwMDAwMDAsImRlbGV0ZSI6OTAwMDAwMDAwMDAwfSwic2NoZW1hX3ZlcnNpb24iOiIxIn0=",
          "dependencies": [
            "data.aws_vpc.vpc_id"
          ]
        }
      ]
    }
  ]
}
