{
  "version": 4,
  "terraform_version": "1.2.1",
  "serial": 15,
  "lineage": "27d01e5e-0c0a-9495-e1c4-e36e9a5aa193",
  "outputs": {},
  "resources": [
    {
      "module": "module.iam_iam-user[\"muneeb\"]",
      "mode": "managed",
      "type": "aws_iam_access_key",
      "name": "this_no_pgp",
      "provider": "provider[\"registry.terraform.io/hashicorp/aws\"]",
      "instances": [
        {
          "index_key": 0,
          "schema_version": 0,
          "attributes": {
            "create_date": "2022-06-09T13:22:21Z",
            "encrypted_secret": null,
            "encrypted_ses_smtp_password_v4": null,
            "id": "AKIA5INAVIWKJ6TSNZ55",
            "key_fingerprint": null,
            "pgp_key": null,
            "secret": "WmRhFXbSEvy9cDYd4hbnK46pwN+/JHTUPrPZdj2S",
            "ses_smtp_password_v4": "BO/W/ulePMtxcdo7wDGhP9/3KUqvK7wP++a7cJ1zFlHY",
            "status": "Active",
            "user": "muneeb"
          },
          "sensitive_attributes": [],
          "private": "bnVsbA==",
          "dependencies": [
            "module.iam_iam-user.aws_iam_user.this"
          ]
        }
      ]
    },
    {
      "module": "module.iam_iam-user[\"muneeb\"]",
      "mode": "managed",
      "type": "aws_iam_user",
      "name": "this",
      "provider": "provider[\"registry.terraform.io/hashicorp/aws\"]",
      "instances": [
        {
          "index_key": 0,
          "schema_version": 0,
          "attributes": {
            "arn": "arn:aws:iam::911406876052:user/muneeb",
            "force_destroy": false,
            "id": "muneeb",
            "name": "muneeb",
            "path": "/",
            "permissions_boundary": "",
            "tags": null,
            "tags_all": {},
            "unique_id": "AIDA5INAVIWKCL55KPAF7"
          },
          "sensitive_attributes": [],
          "private": "bnVsbA=="
        }
      ]
    },
    {
      "module": "module.iam_iam-user[\"muneeb\"]",
      "mode": "managed",
      "type": "aws_iam_user_login_profile",
      "name": "this",
      "provider": "provider[\"registry.terraform.io/hashicorp/aws\"]",
      "instances": [
        {
          "index_key": 0,
          "schema_version": 0,
          "attributes": {
            "encrypted_password": null,
            "id": "muneeb",
            "key_fingerprint": null,
            "password": "mRE)@1m!rz-Am6TEOv}D",
            "password_length": 20,
            "password_reset_required": true,
            "pgp_key": "",
            "user": "muneeb"
          },
          "sensitive_attributes": [],
          "private": "bnVsbA==",
          "dependencies": [
            "module.iam_iam-user.aws_iam_user.this"
          ]
        }
      ]
    },
    {
      "module": "module.iam_iam-user[\"shahzad\"]",
      "mode": "managed",
      "type": "aws_iam_access_key",
      "name": "this_no_pgp",
      "provider": "provider[\"registry.terraform.io/hashicorp/aws\"]",
      "instances": [
        {
          "index_key": 0,
          "schema_version": 0,
          "attributes": {
            "create_date": "2022-06-09T13:22:21Z",
            "encrypted_secret": null,
            "encrypted_ses_smtp_password_v4": null,
            "id": "AKIA5INAVIWKBQECGQ4B",
            "key_fingerprint": null,
            "pgp_key": null,
            "secret": "xcriHHYTjNqUCaFV89qAE3bwi/eM6nvQjvIByCM2",
            "ses_smtp_password_v4": "BKrzcKrxhZqYiEVorHlQOQCkA0MdEuHugyeaMAmkCOEN",
            "status": "Active",
            "user": "shahzad"
          },
          "sensitive_attributes": [],
          "private": "bnVsbA==",
          "dependencies": [
            "module.iam_iam-user.aws_iam_user.this"
          ]
        }
      ]
    },
    {
      "module": "module.iam_iam-user[\"shahzad\"]",
      "mode": "managed",
      "type": "aws_iam_user",
      "name": "this",
      "provider": "provider[\"registry.terraform.io/hashicorp/aws\"]",
      "instances": [
        {
          "index_key": 0,
          "schema_version": 0,
          "attributes": {
            "arn": "arn:aws:iam::911406876052:user/shahzad",
            "force_destroy": false,
            "id": "shahzad",
            "name": "shahzad",
            "path": "/",
            "permissions_boundary": "",
            "tags": null,
            "tags_all": {},
            "unique_id": "AIDA5INAVIWKFWFY347KT"
          },
          "sensitive_attributes": [],
          "private": "bnVsbA=="
        }
      ]
    },
    {
      "module": "module.iam_iam-user[\"shahzad\"]",
      "mode": "managed",
      "type": "aws_iam_user_login_profile",
      "name": "this",
      "provider": "provider[\"registry.terraform.io/hashicorp/aws\"]",
      "instances": [
        {
          "index_key": 0,
          "schema_version": 0,
          "attributes": {
            "encrypted_password": null,
            "id": "shahzad",
            "key_fingerprint": null,
            "password": "Sx)=r#9#6F7$_mpHqB8K",
            "password_length": 20,
            "password_reset_required": true,
            "pgp_key": "",
            "user": "shahzad"
          },
          "sensitive_attributes": [],
          "private": "bnVsbA==",
          "dependencies": [
            "module.iam_iam-user.aws_iam_user.this"
          ]
        }
      ]
    }
  ]
}
